{"is_source_file": true, "file_id": 45, "git_revision": "08502cc58780ed640996972dd08067ab388755d0", "state": 1, "description": "", "external_files": [], "external_methods": [], "published": [], "classes": [], "methods": [], "calls": [], "search-terms": [], "filename": "/home/kavia/workspace/code-generation/safepath-navigator-12527-12533/safe_path_navigator/post_process_status.lock", "hash": "e9b4c3b42cef0193b7fddb548d37e652", "format-version": 4, "code-base-name": "default", "knowledge_revision": 129}